schema: '2.0'
stages:
  process_data:
    cmd: python src/data/make_dataset.py
    deps:
    - path: data/raw
      hash: md5
      md5: b8ca3980269da088fd416cdea51b5fc0.dir
      size: 3519387
      nfiles: 3
    - path: src/data/make_dataset.py
      hash: md5
      md5: 83eb85722b90dcce41dd8d865176fbf4
      size: 6669
    outs:
    - path: data/processed
      hash: md5
      md5: 6516fe9cca0e484176842e4149e98590.dir
      size: 8590560
      nfiles: 5
  train:
    cmd: python src/models/train_model.py
    deps:
    - path: data/processed
      hash: md5
      md5: 6516fe9cca0e484176842e4149e98590.dir
      size: 8590560
      nfiles: 5
    - path: src/models/train_model.py
      hash: md5
      md5: edd4e8b6730e0c0d525fecae92d285a8
      size: 4654
    outs:
    - path: models
      hash: md5
      md5: d751713988987e9331980363e24189ce.dir
      size: 0
      nfiles: 0
    - path: reports/validation_report.json
      hash: md5
      md5: 6e3d1203e1fa8493c49d24c8d2cad836
      size: 526
  reports:
    cmd: python src/models/generate_reports.py
    deps:
    - path: data/processed
      hash: md5
      md5: 6516fe9cca0e484176842e4149e98590.dir
      size: 8590560
      nfiles: 5
    - path: models
      hash: md5
      md5: d751713988987e9331980363e24189ce.dir
      size: 0
      nfiles: 0
    - path: src/models/generate_reports.py
      hash: md5
      md5: 52818de28ea09afd4772229c41b6282e
      size: 8951
